{
    "_readme": [
        "This file locks the dependencies of your project to a known state",
        "Read more about it at https://getcomposer.org/doc/01-basic-usage.md#composer-lock-the-lock-file",
        "This file is @generated automatically"
    ],
    "hash": "7e5482de52560bfeaff08df20e68113c",
    "content-hash": "1a3fa0a3dae5fd83ba3e9d4061e54dab",
    "packages": [
        {
            "name": "ddeboer/data-import",
            "version": "0.19.1",
            "source": {
                "type": "git",
                "url": "https://github.com/ddeboer/data-import.git",
                "reference": "9fb9571370a8a0dd57a1c2bd3ef6f8dc00388291"
            },
            "dist": {
                "type": "zip",
                "url": "https://api.github.com/repos/ddeboer/data-import/zipball/9fb9571370a8a0dd57a1c2bd3ef6f8dc00388291",
                "reference": "9fb9571370a8a0dd57a1c2bd3ef6f8dc00388291",
                "shasum": ""
            },
            "require": {
                "php": ">=5.4.0",
                "psr/log": "~1.0"
            },
            "require-dev": {
                "doctrine/dbal": "~2.4",
                "doctrine/orm": "~2.4",
                "ext-iconv": "*",
                "ext-mbstring": "*",
                "ext-sqlite3": "*",
                "henrikbjorn/phpspec-code-coverage": "~1.0",
                "phpoffice/phpexcel": "*",
                "phpspec/phpspec": "~2.1",
                "symfony/console": "~2.5.0",
                "symfony/property-access": "~2.5",
                "symfony/validator": "~2.3.0"
            },
            "suggest": {
                "doctrine/dbal": "If you want to use the DbalReader",
                "ext-iconv": "For the CharsetValueConverter",
                "ext-mbstring": "For the CharsetValueConverter",
                "phpoffice/phpexcel": "If you want to use the ExcelReader",
                "symfony/console": "If you want to use the ConsoleProgressWriter",
                "symfony/property-access": "If you want to use the ObjectConverter",
                "symfony/validator": "to use the ValidatorFilter"
            },
            "type": "library",
            "autoload": {
                "psr-4": {
                    "Ddeboer\\DataImport\\": "src/",
                    "Ddeboer\\DataImport\\Tests\\": "tests/"
                }
            },
            "notification-url": "https://packagist.org/downloads/",
            "license": [
                "MIT"
            ],
            "authors": [
                {
                    "name": "The community",
                    "homepage": "https://github.com/ddeboer/data-import/graphs/contributors"
                },
                {
                    "name": "David de Boer",
                    "email": "david@ddeboer.nl"
                }
            ],
            "description": "Import data from, and export data to, a range of file formats and media",
            "keywords": [
                "csv",
                "data",
                "doctrine",
                "excel",
                "export",
                "import"
            ],
            "time": "2016-06-09 14:20:13"
        },
        {
            "name": "psr/log",
            "version": "1.0.0",
            "source": {
                "type": "git",
                "url": "https://github.com/php-fig/log.git",
                "reference": "fe0936ee26643249e916849d48e3a51d5f5e278b"
            },
            "dist": {
                "type": "zip",
                "url": "https://api.github.com/repos/php-fig/log/zipball/fe0936ee26643249e916849d48e3a51d5f5e278b",
                "reference": "fe0936ee26643249e916849d48e3a51d5f5e278b",
                "shasum": ""
            },
            "type": "library",
            "autoload": {
                "psr-0": {
                    "Psr\\Log\\": ""
                }
            },
            "notification-url": "https://packagist.org/downloads/",
            "license": [
                "MIT"
            ],
            "authors": [
                {
                    "name": "PHP-FIG",
                    "homepage": "http://www.php-fig.org/"
                }
            ],
            "description": "Common interface for logging libraries",
            "keywords": [
                "log",
                "psr",
                "psr-3"
            ],
            "time": "2012-12-21 11:40:51"
        }
    ],
    "packages-dev": [],
    "aliases": [],
    "minimum-stability": "stable",
    "stability-flags": {
        "ddeboer/data-import": 0
    },
    "prefer-stable": false,
    "prefer-lowest": false,
    "platform": [],
    "platform-dev": []
}
